
Microsoft Visual Studio Solution File, Format Version 12.00
# Visual Studio 14
VisualStudioVersion = 14.0.25420.1
MinimumVisualStudioVersion = 10.0.40219.1
Project("{FAE04EC0-301F-11D3-BF4B-00C04F79EFBC}") = "Caterer DB", "Caterer DB\Caterer DB.csproj", "{E2591804-ABD7-49ED-8A30-F603A363A354}"
EndProject
Project("{FAE04EC0-301F-11D3-BF4B-00C04F79EFBC}") = "Caterer DB.Tests", "Caterer DB.Tests\Caterer DB.Tests.csproj", "{C32BFDF4-913D-4C08-B9FE-87877FCD82E8}"
	ProjectSection(ProjectDependencies) = postProject
		{D76526D2-9BE6-499E-8D76-3BE5E413B22A} = {D76526D2-9BE6-499E-8D76-3BE5E413B22A}
	EndProjectSection
EndProject
Project("{2150E333-8FDC-42A3-9474-1A3956D46DE8}") = "00_Clients", "00_Clients", "{8094EF02-DB36-4029-9075-A4FC45DCCD29}"
EndProject
Project("{2150E333-8FDC-42A3-9474-1A3956D46DE8}") = "01_Business", "01_Business", "{FB4E0604-85C8-4658-808C-534B5BDF612B}"
EndProject
Project("{2150E333-8FDC-42A3-9474-1A3956D46DE8}") = "02_Data", "02_Data", "{10A0A7B5-D27A-4447-A2A1-F18DE5F00F4D}"
EndProject
Project("{2150E333-8FDC-42A3-9474-1A3956D46DE8}") = "88_Common", "88_Common", "{70E63205-EF66-4A93-BB24-23DD476A6C88}"
EndProject
Project("{2150E333-8FDC-42A3-9474-1A3956D46DE8}") = "99_Test", "99_Test", "{D68F582C-1593-4CA3-9C16-0D7E4A09AF03}"
EndProject
Project("{FAE04EC0-301F-11D3-BF4B-00C04F79EFBC}") = "Business", "Business\Business.csproj", "{EFDBBFFD-513C-496D-B639-EDF3531EC796}"
EndProject
Project("{FAE04EC0-301F-11D3-BF4B-00C04F79EFBC}") = "DataAccess", "DataAccess\DataAccess.csproj", "{E0CE96CF-2177-4EE1-8FBD-0FF9315DD6CD}"
EndProject
Project("{FAE04EC0-301F-11D3-BF4B-00C04F79EFBC}") = "Common", "Common\Common.csproj", "{D76526D2-9BE6-499E-8D76-3BE5E413B22A}"
EndProject
Project("{FAE04EC0-301F-11D3-BF4B-00C04F79EFBC}") = "DataAccess.Tests", "DataAccess.Test\DataAccess.Tests.csproj", "{1B874CA4-6BC2-48E6-9708-AB0D5A53035E}"
EndProject
Project("{FAE04EC0-301F-11D3-BF4B-00C04F79EFBC}") = "SeleniumTests", "SeleniumTests\SeleniumTests.csproj", "{30958EEF-817B-4FCB-A60C-224D94730EC6}"
EndProject
Global
	GlobalSection(SolutionConfigurationPlatforms) = preSolution
		Debug|Any CPU = Debug|Any CPU
		Release|Any CPU = Release|Any CPU
	EndGlobalSection
	GlobalSection(ProjectConfigurationPlatforms) = postSolution
		{E2591804-ABD7-49ED-8A30-F603A363A354}.Debug|Any CPU.ActiveCfg = Debug|Any CPU
		{E2591804-ABD7-49ED-8A30-F603A363A354}.Debug|Any CPU.Build.0 = Debug|Any CPU
		{E2591804-ABD7-49ED-8A30-F603A363A354}.Release|Any CPU.ActiveCfg = Release|Any CPU
		{E2591804-ABD7-49ED-8A30-F603A363A354}.Release|Any CPU.Build.0 = Release|Any CPU
		{C32BFDF4-913D-4C08-B9FE-87877FCD82E8}.Debug|Any CPU.ActiveCfg = Debug|Any CPU
		{C32BFDF4-913D-4C08-B9FE-87877FCD82E8}.Debug|Any CPU.Build.0 = Debug|Any CPU
		{C32BFDF4-913D-4C08-B9FE-87877FCD82E8}.Release|Any CPU.ActiveCfg = Release|Any CPU
		{C32BFDF4-913D-4C08-B9FE-87877FCD82E8}.Release|Any CPU.Build.0 = Release|Any CPU
		{EFDBBFFD-513C-496D-B639-EDF3531EC796}.Debug|Any CPU.ActiveCfg = Debug|Any CPU
		{EFDBBFFD-513C-496D-B639-EDF3531EC796}.Debug|Any CPU.Build.0 = Debug|Any CPU
		{EFDBBFFD-513C-496D-B639-EDF3531EC796}.Release|Any CPU.ActiveCfg = Release|Any CPU
		{EFDBBFFD-513C-496D-B639-EDF3531EC796}.Release|Any CPU.Build.0 = Release|Any CPU
		{E0CE96CF-2177-4EE1-8FBD-0FF9315DD6CD}.Debug|Any CPU.ActiveCfg = Debug|Any CPU
		{E0CE96CF-2177-4EE1-8FBD-0FF9315DD6CD}.Debug|Any CPU.Build.0 = Debug|Any CPU
		{E0CE96CF-2177-4EE1-8FBD-0FF9315DD6CD}.Release|Any CPU.ActiveCfg = Release|Any CPU
		{E0CE96CF-2177-4EE1-8FBD-0FF9315DD6CD}.Release|Any CPU.Build.0 = Release|Any CPU
		{D76526D2-9BE6-499E-8D76-3BE5E413B22A}.Debug|Any CPU.ActiveCfg = Debug|Any CPU
		{D76526D2-9BE6-499E-8D76-3BE5E413B22A}.Debug|Any CPU.Build.0 = Debug|Any CPU
		{D76526D2-9BE6-499E-8D76-3BE5E413B22A}.Release|Any CPU.ActiveCfg = Release|Any CPU
		{D76526D2-9BE6-499E-8D76-3BE5E413B22A}.Release|Any CPU.Build.0 = Release|Any CPU
		{1B874CA4-6BC2-48E6-9708-AB0D5A53035E}.Debug|Any CPU.ActiveCfg = Debug|Any CPU
		{1B874CA4-6BC2-48E6-9708-AB0D5A53035E}.Debug|Any CPU.Build.0 = Debug|Any CPU
		{1B874CA4-6BC2-48E6-9708-AB0D5A53035E}.Release|Any CPU.ActiveCfg = Release|Any CPU
		{1B874CA4-6BC2-48E6-9708-AB0D5A53035E}.Release|Any CPU.Build.0 = Release|Any CPU
		{30958EEF-817B-4FCB-A60C-224D94730EC6}.Debug|Any CPU.ActiveCfg = Debug|Any CPU
		{30958EEF-817B-4FCB-A60C-224D94730EC6}.Debug|Any CPU.Build.0 = Debug|Any CPU
		{30958EEF-817B-4FCB-A60C-224D94730EC6}.Release|Any CPU.ActiveCfg = Release|Any CPU
		{30958EEF-817B-4FCB-A60C-224D94730EC6}.Release|Any CPU.Build.0 = Release|Any CPU
	EndGlobalSection
	GlobalSection(SolutionProperties) = preSolution
		HideSolutionNode = FALSE
	EndGlobalSection
	GlobalSection(NestedProjects) = preSolution
		{E2591804-ABD7-49ED-8A30-F603A363A354} = {8094EF02-DB36-4029-9075-A4FC45DCCD29}
		{C32BFDF4-913D-4C08-B9FE-87877FCD82E8} = {D68F582C-1593-4CA3-9C16-0D7E4A09AF03}
		{EFDBBFFD-513C-496D-B639-EDF3531EC796} = {FB4E0604-85C8-4658-808C-534B5BDF612B}
		{E0CE96CF-2177-4EE1-8FBD-0FF9315DD6CD} = {10A0A7B5-D27A-4447-A2A1-F18DE5F00F4D}
		{D76526D2-9BE6-499E-8D76-3BE5E413B22A} = {70E63205-EF66-4A93-BB24-23DD476A6C88}
		{1B874CA4-6BC2-48E6-9708-AB0D5A53035E} = {D68F582C-1593-4CA3-9C16-0D7E4A09AF03}
		{30958EEF-817B-4FCB-A60C-224D94730EC6} = {D68F582C-1593-4CA3-9C16-0D7E4A09AF03}
	EndGlobalSection
EndGlobal
